{
  "requires": true,
  "lockfileVersion": 1,
  "dependencies": {
    "ignore-case": {
      "version": "0.1.0",
      "resolved": "https://registry.npmjs.org/ignore-case/-/ignore-case-0.1.0.tgz",
      "integrity": "sha1-3Adh5l+wB5vhJQ0g4kWEMr3Apf4="
    },
    "text-content": {
      "version": "0.0.3",
      "resolved": "https://registry.npmjs.org/text-content/-/text-content-0.0.3.tgz",
      "integrity": "sha1-cY6maSwYgM2OJjf0sO4sgZ3FC+k="
    }
  }
}
